// !$*UTF8*$!
{
	archiveVersion = 1;
	classes = {
	};
	objectVersion = 50;
	objects = {

/* Begin PBXBuildFile section */
		E757C0C124C1662000B8AA08 /* AppDelegate.swift in Sources */ = {isa = PBXBuildFile; fileRef = E757C0C024C1662000B8AA08 /* AppDelegate.swift */; };
		E757C0C324C1662000B8AA08 /* SceneDelegate.swift in Sources */ = {isa = PBXBuildFile; fileRef = E757C0C224C1662000B8AA08 /* SceneDelegate.swift */; };
		E757C0C824C1662000B8AA08 /* Main.storyboard in Resources */ = {isa = PBXBuildFile; fileRef = E757C0C624C1662000B8AA08 /* Main.storyboard */; };
		E757C0CB24C1662000B8AA08 /* MunchUp.xcdatamodeld in Sources */ = {isa = PBXBuildFile; fileRef = E757C0C924C1662000B8AA08 /* MunchUp.xcdatamodeld */; };
		E757C0CD24C1662400B8AA08 /* Assets.xcassets in Resources */ = {isa = PBXBuildFile; fileRef = E757C0CC24C1662400B8AA08 /* Assets.xcassets */; };
		E757C0D024C1662400B8AA08 /* LaunchScreen.storyboard in Resources */ = {isa = PBXBuildFile; fileRef = E757C0CE24C1662400B8AA08 /* LaunchScreen.storyboard */; };
		E757C0DD24C1776E00B8AA08 /* Constants.swift in Sources */ = {isa = PBXBuildFile; fileRef = E757C0DC24C1776E00B8AA08 /* Constants.swift */; };
		E757C0E024C52A4100B8AA08 /* MemberListViewController.swift in Sources */ = {isa = PBXBuildFile; fileRef = E757C0DF24C52A4100B8AA08 /* MemberListViewController.swift */; };
		E757C0E624C6639900B8AA08 /* MemberDetailViewController.swift in Sources */ = {isa = PBXBuildFile; fileRef = E757C0E524C6639900B8AA08 /* MemberDetailViewController.swift */; };
		E76F6A2024DD03EF0009B0E0 /* InfoPlist.strings in Resources */ = {isa = PBXBuildFile; fileRef = E76F6A1E24DD03EF0009B0E0 /* InfoPlist.strings */; };
		E76F6A2324DD03EF0009B0E0 /* Localizable.strings in Resources */ = {isa = PBXBuildFile; fileRef = E76F6A2124DD03EF0009B0E0 /* Localizable.strings */; };
		E76F6A2824DD09B60009B0E0 /* ServeSizes_Australia_en.txt in Resources */ = {isa = PBXBuildFile; fileRef = E76F6A2A24DD09B60009B0E0 /* ServeSizes_Australia_en.txt */; };
		E76F6A2D24DD2AA80009B0E0 /* OtherItemCell.xib in Resources */ = {isa = PBXBuildFile; fileRef = E76F6A2F24DD2AA80009B0E0 /* OtherItemCell.xib */; };
		E76F6A3224DD2AEE0009B0E0 /* ServesCalculatorCell.xib in Resources */ = {isa = PBXBuildFile; fileRef = E76F6A3424DD2AEE0009B0E0 /* ServesCalculatorCell.xib */; };
		E7DA8C8B24CB049000538CD3 /* SettingsViewController.swift in Sources */ = {isa = PBXBuildFile; fileRef = E7DA8C8A24CB049000538CD3 /* SettingsViewController.swift */; };
		E7DA8C8D24CDA93500538CD3 /* ShoppingListViewController.swift in Sources */ = {isa = PBXBuildFile; fileRef = E7DA8C8C24CDA93500538CD3 /* ShoppingListViewController.swift */; };
		E7DA8C9024D280C000538CD3 /* OtherItemCell.swift in Sources */ = {isa = PBXBuildFile; fileRef = E7DA8C8E24D280C000538CD3 /* OtherItemCell.swift */; };
		E7DA8C9B24D6C30800538CD3 /* ServesCalculatorTableViewController.swift in Sources */ = {isa = PBXBuildFile; fileRef = E7DA8C9A24D6C30800538CD3 /* ServesCalculatorTableViewController.swift */; };
		E7DA8CA024D6D22800538CD3 /* ServesCalculatorCell.swift in Sources */ = {isa = PBXBuildFile; fileRef = E7DA8C9E24D6D22800538CD3 /* ServesCalculatorCell.swift */; };
		E7DA8CA324D78EDA00538CD3 /* NumberFormatsTYX.swift in Sources */ = {isa = PBXBuildFile; fileRef = E7DA8CA224D78EDA00538CD3 /* NumberFormatsTYX.swift */; };
		E7DA8CA524D8E46700538CD3 /* ServesCalculatorViewController.swift in Sources */ = {isa = PBXBuildFile; fileRef = E7DA8CA424D8E46700538CD3 /* ServesCalculatorViewController.swift */; };
/* End PBXBuildFile section */

/* Begin PBXFileReference section */
		E757C0BD24C1662000B8AA08 /* MunchUp.app */ = {isa = PBXFileReference; explicitFileType = wrapper.application; includeInIndex = 0; path = MunchUp.app; sourceTree = BUILT_PRODUCTS_DIR; };
		E757C0C024C1662000B8AA08 /* AppDelegate.swift */ = {isa = PBXFileReference; lastKnownFileType = sourcecode.swift; path = AppDelegate.swift; sourceTree = "<group>"; };
		E757C0C224C1662000B8AA08 /* SceneDelegate.swift */ = {isa = PBXFileReference; lastKnownFileType = sourcecode.swift; path = SceneDelegate.swift; sourceTree = "<group>"; };
		E757C0C724C1662000B8AA08 /* Base */ = {isa = PBXFileReference; lastKnownFileType = file.storyboard; name = Base; path = Base.lproj/Main.storyboard; sourceTree = "<group>"; };
		E757C0CA24C1662000B8AA08 /* MunchItUp.xcdatamodel */ = {isa = PBXFileReference; lastKnownFileType = wrapper.xcdatamodel; path = MunchItUp.xcdatamodel; sourceTree = "<group>"; };
		E757C0CC24C1662400B8AA08 /* Assets.xcassets */ = {isa = PBXFileReference; lastKnownFileType = folder.assetcatalog; path = Assets.xcassets; sourceTree = "<group>"; };
		E757C0CF24C1662400B8AA08 /* Base */ = {isa = PBXFileReference; lastKnownFileType = file.storyboard; name = Base; path = Base.lproj/LaunchScreen.storyboard; sourceTree = "<group>"; };
		E757C0D124C1662400B8AA08 /* Info.plist */ = {isa = PBXFileReference; lastKnownFileType = text.plist.xml; path = Info.plist; sourceTree = "<group>"; };
		E757C0D724C1665C00B8AA08 /* MunchUp.entitlements */ = {isa = PBXFileReference; lastKnownFileType = text.plist.entitlements; path = MunchUp.entitlements; sourceTree = "<group>"; };
		E757C0DC24C1776E00B8AA08 /* Constants.swift */ = {isa = PBXFileReference; lastKnownFileType = sourcecode.swift; path = Constants.swift; sourceTree = "<group>"; };
		E757C0DF24C52A4100B8AA08 /* MemberListViewController.swift */ = {isa = PBXFileReference; fileEncoding = 4; lastKnownFileType = sourcecode.swift; path = MemberListViewController.swift; sourceTree = "<group>"; };
		E757C0E524C6639900B8AA08 /* MemberDetailViewController.swift */ = {isa = PBXFileReference; fileEncoding = 4; lastKnownFileType = sourcecode.swift; path = MemberDetailViewController.swift; sourceTree = "<group>"; };
		E76F6A1F24DD03EF0009B0E0 /* zh-Hans */ = {isa = PBXFileReference; lastKnownFileType = text.plist.strings; name = "zh-Hans"; path = "zh-Hans.lproj/InfoPlist.strings"; sourceTree = "<group>"; };
		E76F6A2224DD03EF0009B0E0 /* zh-Hans */ = {isa = PBXFileReference; lastKnownFileType = text.plist.strings; name = "zh-Hans"; path = "zh-Hans.lproj/Localizable.strings"; sourceTree = "<group>"; };
		E76F6A2924DD09B60009B0E0 /* Base */ = {isa = PBXFileReference; lastKnownFileType = text; name = Base; path = Base.lproj/ServeSizes_Australia_en.txt; sourceTree = "<group>"; usesTabs = 1; };
		E76F6A2C24DD09E10009B0E0 /* zh-Hans */ = {isa = PBXFileReference; lastKnownFileType = text; name = "zh-Hans"; path = "zh-Hans.lproj/ServeSizes_Australia.txt"; sourceTree = "<group>"; usesTabs = 1; };
		E76F6A2E24DD2AA80009B0E0 /* Base */ = {isa = PBXFileReference; lastKnownFileType = file.xib; name = Base; path = Base.lproj/OtherItemCell.xib; sourceTree = "<group>"; };
		E76F6A3124DD2AB50009B0E0 /* zh-Hans */ = {isa = PBXFileReference; lastKnownFileType = text.plist.strings; name = "zh-Hans"; path = "zh-Hans.lproj/OtherItemCell.strings"; sourceTree = "<group>"; };
		E76F6A3324DD2AEE0009B0E0 /* Base */ = {isa = PBXFileReference; lastKnownFileType = file.xib; name = Base; path = Base.lproj/ServesCalculatorCell.xib; sourceTree = "<group>"; };
		E7DA8C8A24CB049000538CD3 /* SettingsViewController.swift */ = {isa = PBXFileReference; lastKnownFileType = sourcecode.swift; path = SettingsViewController.swift; sourceTree = "<group>"; };
		E7DA8C8C24CDA93500538CD3 /* ShoppingListViewController.swift */ = {isa = PBXFileReference; lastKnownFileType = sourcecode.swift; path = ShoppingListViewController.swift; sourceTree = "<group>"; };
		E7DA8C8E24D280C000538CD3 /* OtherItemCell.swift */ = {isa = PBXFileReference; lastKnownFileType = sourcecode.swift; path = OtherItemCell.swift; sourceTree = "<group>"; };
		E7DA8C9A24D6C30800538CD3 /* ServesCalculatorTableViewController.swift */ = {isa = PBXFileReference; lastKnownFileType = sourcecode.swift; path = ServesCalculatorTableViewController.swift; sourceTree = "<group>"; };
		E7DA8C9E24D6D22800538CD3 /* ServesCalculatorCell.swift */ = {isa = PBXFileReference; lastKnownFileType = sourcecode.swift; path = ServesCalculatorCell.swift; sourceTree = "<group>"; };
		E7DA8CA224D78EDA00538CD3 /* NumberFormatsTYX.swift */ = {isa = PBXFileReference; lastKnownFileType = sourcecode.swift; path = NumberFormatsTYX.swift; sourceTree = "<group>"; };
		E7DA8CA424D8E46700538CD3 /* ServesCalculatorViewController.swift */ = {isa = PBXFileReference; lastKnownFileType = sourcecode.swift; path = ServesCalculatorViewController.swift; sourceTree = "<group>"; };
		E7EC346424DCED5D00BEB229 /* zh-Hans */ = {isa = PBXFileReference; lastKnownFileType = text.plist.strings; name = "zh-Hans"; path = "zh-Hans.lproj/Main.strings"; sourceTree = "<group>"; };
		E7EC346524DCED5D00BEB229 /* zh-Hans */ = {isa = PBXFileReference; lastKnownFileType = text.plist.strings; name = "zh-Hans"; path = "zh-Hans.lproj/LaunchScreen.strings"; sourceTree = "<group>"; };
/* End PBXFileReference section */

/* Begin PBXFrameworksBuildPhase section */
		E757C0BA24C1662000B8AA08 /* Frameworks */ = {
			isa = PBXFrameworksBuildPhase;
			buildActionMask = 2147483647;
			files = (
			);
			runOnlyForDeploymentPostprocessing = 0;
		};
/* End PBXFrameworksBuildPhase section */

/* Begin PBXGroup section */
		E757C0B424C1662000B8AA08 = {
			isa = PBXGroup;
			children = (
				E757C0BF24C1662000B8AA08 /* MunchUp */,
				E757C0BE24C1662000B8AA08 /* Products */,
			);
			sourceTree = "<group>";
		};
		E757C0BE24C1662000B8AA08 /* Products */ = {
			isa = PBXGroup;
			children = (
				E757C0BD24C1662000B8AA08 /* MunchUp.app */,
			);
			name = Products;
			sourceTree = "<group>";
		};
		E757C0BF24C1662000B8AA08 /* MunchUp */ = {
			isa = PBXGroup;
			children = (
				E757C0D724C1665C00B8AA08 /* MunchUp.entitlements */,
				E757C0C024C1662000B8AA08 /* AppDelegate.swift */,
				E757C0C224C1662000B8AA08 /* SceneDelegate.swift */,
				E757C0DA24C1743900B8AA08 /* Model */,
				E757C0DB24C1744F00B8AA08 /* View */,
				E757C0DE24C51A1500B8AA08 /* Controller */,
				E7DA8C8924CA604B00538CD3 /* Supporting Files */,
				E757C0D124C1662400B8AA08 /* Info.plist */,
				E76F6A2124DD03EF0009B0E0 /* Localizable.strings */,
				E76F6A1E24DD03EF0009B0E0 /* InfoPlist.strings */,
			);
			path = MunchUp;
			sourceTree = "<group>";
		};
		E757C0DA24C1743900B8AA08 /* Model */ = {
			isa = PBXGroup;
			children = (
				E76F6A2A24DD09B60009B0E0 /* ServeSizes_Australia_en.txt */,
				E757C0DC24C1776E00B8AA08 /* Constants.swift */,
				E757C0C924C1662000B8AA08 /* MunchUp.xcdatamodeld */,
			);
			path = Model;
			sourceTree = "<group>";
		};
		E757C0DB24C1744F00B8AA08 /* View */ = {
			isa = PBXGroup;
			children = (
				E757C0C624C1662000B8AA08 /* Main.storyboard */,
				E7DA8C8E24D280C000538CD3 /* OtherItemCell.swift */,
				E76F6A2F24DD2AA80009B0E0 /* OtherItemCell.xib */,
				E7DA8C9E24D6D22800538CD3 /* ServesCalculatorCell.swift */,
				E76F6A3424DD2AEE0009B0E0 /* ServesCalculatorCell.xib */,
			);
			path = View;
			sourceTree = "<group>";
		};
		E757C0DE24C51A1500B8AA08 /* Controller */ = {
			isa = PBXGroup;
			children = (
				E757C0DF24C52A4100B8AA08 /* MemberListViewController.swift */,
				E757C0E524C6639900B8AA08 /* MemberDetailViewController.swift */,
				E7DA8C8A24CB049000538CD3 /* SettingsViewController.swift */,
				E7DA8C8C24CDA93500538CD3 /* ShoppingListViewController.swift */,
				E7DA8CA424D8E46700538CD3 /* ServesCalculatorViewController.swift */,
				E7DA8C9A24D6C30800538CD3 /* ServesCalculatorTableViewController.swift */,
			);
			path = Controller;
			sourceTree = "<group>";
		};
		E7DA8C8924CA604B00538CD3 /* Supporting Files */ = {
			isa = PBXGroup;
			children = (
				E757C0CE24C1662400B8AA08 /* LaunchScreen.storyboard */,
				E757C0CC24C1662400B8AA08 /* Assets.xcassets */,
				E7DA8CA224D78EDA00538CD3 /* NumberFormatsTYX.swift */,
			);
			path = "Supporting Files";
			sourceTree = "<group>";
		};
/* End PBXGroup section */

/* Begin PBXNativeTarget section */
		E757C0BC24C1662000B8AA08 /* MunchUp */ = {
			isa = PBXNativeTarget;
			buildConfigurationList = E757C0D424C1662400B8AA08 /* Build configuration list for PBXNativeTarget "MunchUp" */;
			buildPhases = (
				E757C0B924C1662000B8AA08 /* Sources */,
				E757C0BA24C1662000B8AA08 /* Frameworks */,
				E757C0BB24C1662000B8AA08 /* Resources */,
			);
			buildRules = (
			);
			dependencies = (
			);
			name = MunchUp;
			productName = MunchItUp;
			productReference = E757C0BD24C1662000B8AA08 /* MunchUp.app */;
			productType = "com.apple.product-type.application";
		};
/* End PBXNativeTarget section */

/* Begin PBXProject section */
		E757C0B524C1662000B8AA08 /* Project object */ = {
			isa = PBXProject;
			attributes = {
				LastSwiftUpdateCheck = 1130;
				LastUpgradeCheck = 1130;
				ORGANIZATIONNAME = "Yuexi Tan";
				TargetAttributes = {
					E757C0BC24C1662000B8AA08 = {
						CreatedOnToolsVersion = 11.3;
					};
				};
			};
			buildConfigurationList = E757C0B824C1662000B8AA08 /* Build configuration list for PBXProject "MunchUp" */;
			compatibilityVersion = "Xcode 9.3";
			developmentRegion = en;
			hasScannedForEncodings = 0;
			knownRegions = (
				en,
				Base,
				"zh-Hans",
			);
			mainGroup = E757C0B424C1662000B8AA08;
			productRefGroup = E757C0BE24C1662000B8AA08 /* Products */;
			projectDirPath = "";
			projectRoot = "";
			targets = (
				E757C0BC24C1662000B8AA08 /* MunchUp */,
			);
		};
/* End PBXProject section */

/* Begin PBXResourcesBuildPhase section */
		E757C0BB24C1662000B8AA08 /* Resources */ = {
			isa = PBXResourcesBuildPhase;
			buildActionMask = 2147483647;
			files = (
				E757C0D024C1662400B8AA08 /* LaunchScreen.storyboard in Resources */,
				E76F6A3224DD2AEE0009B0E0 /* ServesCalculatorCell.xib in Resources */,
				E76F6A2324DD03EF0009B0E0 /* Localizable.strings in Resources */,
				E757C0CD24C1662400B8AA08 /* Assets.xcassets in Resources */,
				E757C0C824C1662000B8AA08 /* Main.storyboard in Resources */,
				E76F6A2824DD09B60009B0E0 /* ServeSizes_Australia_en.txt in Resources */,
				E76F6A2024DD03EF0009B0E0 /* InfoPlist.strings in Resources */,
				E76F6A2D24DD2AA80009B0E0 /* OtherItemCell.xib in Resources */,
			);
			runOnlyForDeploymentPostprocessing = 0;
		};
/* End PBXResourcesBuildPhase section */

/* Begin PBXSourcesBuildPhase section */
		E757C0B924C1662000B8AA08 /* Sources */ = {
			isa = PBXSourcesBuildPhase;
			buildActionMask = 2147483647;
			files = (
				E757C0C124C1662000B8AA08 /* AppDelegate.swift in Sources */,
				E757C0E024C52A4100B8AA08 /* MemberListViewController.swift in Sources */,
				E7DA8C8B24CB049000538CD3 /* SettingsViewController.swift in Sources */,
				E7DA8C9024D280C000538CD3 /* OtherItemCell.swift in Sources */,
				E757C0C324C1662000B8AA08 /* SceneDelegate.swift in Sources */,
				E757C0E624C6639900B8AA08 /* MemberDetailViewController.swift in Sources */,
				E7DA8CA524D8E46700538CD3 /* ServesCalculatorViewController.swift in Sources */,
				E7DA8C9B24D6C30800538CD3 /* ServesCalculatorTableViewController.swift in Sources */,
				E7DA8CA324D78EDA00538CD3 /* NumberFormatsTYX.swift in Sources */,
				E757C0CB24C1662000B8AA08 /* MunchUp.xcdatamodeld in Sources */,
				E7DA8C8D24CDA93500538CD3 /* ShoppingListViewController.swift in Sources */,
				E757C0DD24C1776E00B8AA08 /* Constants.swift in Sources */,
				E7DA8CA024D6D22800538CD3 /* ServesCalculatorCell.swift in Sources */,
			);
			runOnlyForDeploymentPostprocessing = 0;
		};
/* End PBXSourcesBuildPhase section */

/* Begin PBXVariantGroup section */
		E757C0C624C1662000B8AA08 /* Main.storyboard */ = {
			isa = PBXVariantGroup;
			children = (
				E757C0C724C1662000B8AA08 /* Base */,
				E7EC346424DCED5D00BEB229 /* zh-Hans */,
			);
			name = Main.storyboard;
			sourceTree = "<group>";
		};
		E757C0CE24C1662400B8AA08 /* LaunchScreen.storyboard */ = {
			isa = PBXVariantGroup;
			children = (
				E757C0CF24C1662400B8AA08 /* Base */,
				E7EC346524DCED5D00BEB229 /* zh-Hans */,
			);
			name = LaunchScreen.storyboard;
			sourceTree = "<group>";
		};
		E76F6A1E24DD03EF0009B0E0 /* InfoPlist.strings */ = {
			isa = PBXVariantGroup;
			children = (
				E76F6A1F24DD03EF0009B0E0 /* zh-Hans */,
			);
			name = InfoPlist.strings;
			sourceTree = "<group>";
		};
		E76F6A2124DD03EF0009B0E0 /* Localizable.strings */ = {
			isa = PBXVariantGroup;
			children = (
				E76F6A2224DD03EF0009B0E0 /* zh-Hans */,
			);
			name = Localizable.strings;
			sourceTree = "<group>";
		};
		E76F6A2A24DD09B60009B0E0 /* ServeSizes_Australia_en.txt */ = {
			isa = PBXVariantGroup;
			children = (
				E76F6A2924DD09B60009B0E0 /* Base */,
				E76F6A2C24DD09E10009B0E0 /* zh-Hans */,
			);
			name = ServeSizes_Australia_en.txt;
			sourceTree = SOURCE_ROOT;
			usesTabs = 1;
		};
		E76F6A2F24DD2AA80009B0E0 /* OtherItemCell.xib */ = {
			isa = PBXVariantGroup;
			children = (
				E76F6A2E24DD2AA80009B0E0 /* Base */,
				E76F6A3124DD2AB50009B0E0 /* zh-Hans */,
			);
			name = OtherItemCell.xib;
			sourceTree = "<group>";
		};
		E76F6A3424DD2AEE0009B0E0 /* ServesCalculatorCell.xib */ = {
			isa = PBXVariantGroup;
			children = (
				E76F6A3324DD2AEE0009B0E0 /* Base */,
			);
			name = ServesCalculatorCell.xib;
			sourceTree = "<group>";
		};
/* End PBXVariantGroup section */

/* Begin XCBuildConfiguration section */
		E757C0D224C1662400B8AA08 /* Debug */ = {
			isa = XCBuildConfiguration;
			buildSettings = {
				ALWAYS_SEARCH_USER_PATHS = NO;
				CLANG_ANALYZER_LOCALIZABILITY_NONLOCALIZED = YES;
				CLANG_ANALYZER_NONNULL = YES;
				CLANG_ANALYZER_NUMBER_OBJECT_CONVERSION = YES_AGGRESSIVE;
				CLANG_CXX_LANGUAGE_STANDARD = "gnu++14";
				CLANG_CXX_LIBRARY = "libc++";
				CLANG_ENABLE_MODULES = YES;
				CLANG_ENABLE_OBJC_ARC = YES;
				CLANG_ENABLE_OBJC_WEAK = YES;
				CLANG_WARN_BLOCK_CAPTURE_AUTORELEASING = YES;
				CLANG_WARN_BOOL_CONVERSION = YES;
				CLANG_WARN_COMMA = YES;
				CLANG_WARN_CONSTANT_CONVERSION = YES;
				CLANG_WARN_DEPRECATED_OBJC_IMPLEMENTATIONS = YES;
				CLANG_WARN_DIRECT_OBJC_ISA_USAGE = YES_ERROR;
				CLANG_WARN_DOCUMENTATION_COMMENTS = YES;
				CLANG_WARN_EMPTY_BODY = YES;
				CLANG_WARN_ENUM_CONVERSION = YES;
				CLANG_WARN_INFINITE_RECURSION = YES;
				CLANG_WARN_INT_CONVERSION = YES;
				CLANG_WARN_NON_LITERAL_NULL_CONVERSION = YES;
				CLANG_WARN_OBJC_IMPLICIT_RETAIN_SELF = YES;
				CLANG_WARN_OBJC_LITERAL_CONVERSION = YES;
				CLANG_WARN_OBJC_ROOT_CLASS = YES_ERROR;
				CLANG_WARN_RANGE_LOOP_ANALYSIS = YES;
				CLANG_WARN_STRICT_PROTOTYPES = YES;
				CLANG_WARN_SUSPICIOUS_MOVE = YES;
				CLANG_WARN_UNGUARDED_AVAILABILITY = YES_AGGRESSIVE;
				CLANG_WARN_UNREACHABLE_CODE = YES;
				CLANG_WARN__DUPLICATE_METHOD_MATCH = YES;
				COPY_PHASE_STRIP = NO;
				DEBUG_INFORMATION_FORMAT = dwarf;
				ENABLE_STRICT_OBJC_MSGSEND = YES;
				ENABLE_TESTABILITY = YES;
				GCC_C_LANGUAGE_STANDARD = gnu11;
				GCC_DYNAMIC_NO_PIC = NO;
				GCC_NO_COMMON_BLOCKS = YES;
				GCC_OPTIMIZATION_LEVEL = 0;
				GCC_PREPROCESSOR_DEFINITIONS = (
					"DEBUG=1",
					"$(inherited)",
				);
				GCC_WARN_64_TO_32_BIT_CONVERSION = YES;
				GCC_WARN_ABOUT_RETURN_TYPE = YES_ERROR;
				GCC_WARN_UNDECLARED_SELECTOR = YES;
				GCC_WARN_UNINITIALIZED_AUTOS = YES_AGGRESSIVE;
				GCC_WARN_UNUSED_FUNCTION = YES;
				GCC_WARN_UNUSED_VARIABLE = YES;
				IPHONEOS_DEPLOYMENT_TARGET = 13.2;
				MTL_ENABLE_DEBUG_INFO = INCLUDE_SOURCE;
				MTL_FAST_MATH = YES;
				ONLY_ACTIVE_ARCH = YES;
				SDKROOT = iphoneos;
				SWIFT_ACTIVE_COMPILATION_CONDITIONS = DEBUG;
				SWIFT_OPTIMIZATION_LEVEL = "-Onone";
			};
			name = Debug;
		};
		E757C0D324C1662400B8AA08 /* Release */ = {
			isa = XCBuildConfiguration;
			buildSettings = {
				ALWAYS_SEARCH_USER_PATHS = NO;
				CLANG_ANALYZER_LOCALIZABILITY_NONLOCALIZED = YES;
				CLANG_ANALYZER_NONNULL = YES;
				CLANG_ANALYZER_NUMBER_OBJECT_CONVERSION = YES_AGGRESSIVE;
				CLANG_CXX_LANGUAGE_STANDARD = "gnu++14";
				CLANG_CXX_LIBRARY = "libc++";
				CLANG_ENABLE_MODULES = YES;
				CLANG_ENABLE_OBJC_ARC = YES;
				CLANG_ENABLE_OBJC_WEAK = YES;
				CLANG_WARN_BLOCK_CAPTURE_AUTORELEASING = YES;
				CLANG_WARN_BOOL_CONVERSION = YES;
				CLANG_WARN_COMMA = YES;
				CLANG_WARN_CONSTANT_CONVERSION = YES;
				CLANG_WARN_DEPRECATED_OBJC_IMPLEMENTATIONS = YES;
				CLANG_WARN_DIRECT_OBJC_ISA_USAGE = YES_ERROR;
				CLANG_WARN_DOCUMENTATION_COMMENTS = YES;
				CLANG_WARN_EMPTY_BODY = YES;
				CLANG_WARN_ENUM_CONVERSION = YES;
				CLANG_WARN_INFINITE_RECURSION = YES;
				CLANG_WARN_INT_CONVERSION = YES;
				CLANG_WARN_NON_LITERAL_NULL_CONVERSION = YES;
				CLANG_WARN_OBJC_IMPLICIT_RETAIN_SELF = YES;
				CLANG_WARN_OBJC_LITERAL_CONVERSION = YES;
				CLANG_WARN_OBJC_ROOT_CLASS = YES_ERROR;
				CLANG_WARN_RANGE_LOOP_ANALYSIS = YES;
				CLANG_WARN_STRICT_PROTOTYPES = YES;
				CLANG_WARN_SUSPICIOUS_MOVE = YES;
				CLANG_WARN_UNGUARDED_AVAILABILITY = YES_AGGRESSIVE;
				CLANG_WARN_UNREACHABLE_CODE = YES;
				CLANG_WARN__DUPLICATE_METHOD_MATCH = YES;
				COPY_PHASE_STRIP = NO;
				DEBUG_INFORMATION_FORMAT = "dwarf-with-dsym";
				ENABLE_NS_ASSERTIONS = NO;
				ENABLE_STRICT_OBJC_MSGSEND = YES;
				GCC_C_LANGUAGE_STANDARD = gnu11;
				GCC_NO_COMMON_BLOCKS = YES;
				GCC_WARN_64_TO_32_BIT_CONVERSION = YES;
				GCC_WARN_ABOUT_RETURN_TYPE = YES_ERROR;
				GCC_WARN_UNDECLARED_SELECTOR = YES;
				GCC_WARN_UNINITIALIZED_AUTOS = YES_AGGRESSIVE;
				GCC_WARN_UNUSED_FUNCTION = YES;
				GCC_WARN_UNUSED_VARIABLE = YES;
				IPHONEOS_DEPLOYMENT_TARGET = 13.2;
				MTL_ENABLE_DEBUG_INFO = NO;
				MTL_FAST_MATH = YES;
				SDKROOT = iphoneos;
				SWIFT_COMPILATION_MODE = wholemodule;
				SWIFT_OPTIMIZATION_LEVEL = "-O";
				VALIDATE_PRODUCT = YES;
			};
			name = Release;
		};
		E757C0D524C1662400B8AA08 /* Debug */ = {
			isa = XCBuildConfiguration;
			buildSettings = {
				ASSETCATALOG_COMPILER_APPICON_NAME = AppIcon;
				CODE_SIGN_ENTITLEMENTS = MunchUp/MunchUp.entitlements;
				CODE_SIGN_STYLE = Automatic;
				CURRENT_PROJECT_VERSION = 1;
				DERIVE_MACCATALYST_PRODUCT_BUNDLE_IDENTIFIER = YES;
				DEVELOPMENT_TEAM = V8S86Y4XT5;
				INFOPLIST_FILE = MunchUp/Info.plist;
				IPHONEOS_DEPLOYMENT_TARGET = 13.0;
				LD_RUNPATH_SEARCH_PATHS = (
					"$(inherited)",
					"@executable_path/Frameworks",
				);
				MARKETING_VERSION = 1;
				PRODUCT_BUNDLE_IDENTIFIER = com.yuexitan.MunchUp;
				PRODUCT_NAME = MunchUp;
				SUPPORTS_MACCATALYST = YES;
				SWIFT_VERSION = 5.0;
				TARGETED_DEVICE_FAMILY = "1,2";
			};
			name = Debug;
		};
		E757C0D624C1662400B8AA08 /* Release */ = {
			isa = XCBuildConfiguration;
			buildSettings = {
				ASSETCATALOG_COMPILER_APPICON_NAME = AppIcon;
				CODE_SIGN_ENTITLEMENTS = MunchUp/MunchUp.entitlements;
				CODE_SIGN_STYLE = Automatic;
				CURRENT_PROJECT_VERSION = 1;
				DERIVE_MACCATALYST_PRODUCT_BUNDLE_IDENTIFIER = YES;
				DEVELOPMENT_TEAM = V8S86Y4XT5;
				INFOPLIST_FILE = MunchUp/Info.plist;
				IPHONEOS_DEPLOYMENT_TARGET = 13.0;
				LD_RUNPATH_SEARCH_PATHS = (
					"$(inherited)",
					"@executable_path/Frameworks",
				);
				MARKETING_VERSION = 1;
				PRODUCT_BUNDLE_IDENTIFIER = com.yuexitan.MunchUp;
				PRODUCT_NAME = MunchUp;
				SUPPORTS_MACCATALYST = YES;
				SWIFT_VERSION = 5.0;
				TARGETED_DEVICE_FAMILY = "1,2";
			};
			name = Release;
		};
/* End XCBuildConfiguration section */

/* Begin XCConfigurationList section */
		E757C0B824C1662000B8AA08 /* Build configuration list for PBXProject "MunchUp" */ = {
			isa = XCConfigurationList;
			buildConfigurations = (
				E757C0D224C1662400B8AA08 /* Debug */,
				E757C0D324C1662400B8AA08 /* Release */,
			);
			defaultConfigurationIsVisible = 0;
			defaultConfigurationName = Release;
		};
		E757C0D424C1662400B8AA08 /* Build configuration list for PBXNativeTarget "MunchUp" */ = {
			isa = XCConfigurationList;
			buildConfigurations = (
				E757C0D524C1662400B8AA08 /* Debug */,
				E757C0D624C1662400B8AA08 /* Release */,
			);
			defaultConfigurationIsVisible = 0;
			defaultConfigurationName = Release;
		};
/* End XCConfigurationList section */

/* Begin XCVersionGroup section */
		E757C0C924C1662000B8AA08 /* MunchUp.xcdatamodeld */ = {
			isa = XCVersionGroup;
			children = (
				E757C0CA24C1662000B8AA08 /* MunchItUp.xcdatamodel */,
			);
			currentVersion = E757C0CA24C1662000B8AA08 /* MunchItUp.xcdatamodel */;
			path = MunchUp.xcdatamodeld;
			sourceTree = "<group>";
			versionGroupType = wrapper.xcdatamodel;
		};
/* End XCVersionGroup section */
	};
	rootObject = E757C0B524C1662000B8AA08 /* Project object */;
}
